lockfileVersion: '9.0'

settings:
  autoInstallPeers: true
  excludeLinksFromLockfile: false

importers:

  .:
    dependencies:
      clsx:
        specifier: ^2.1.1
        version: 2.1.1
      lottie-react:
        specifier: ^2.4.1
        version: 2.4.1(react-dom@19.1.0(react@19.1.0))(react@19.1.0)
      motion:
        specifier: ^12.12.1
        version: 12.12.1(react-dom@19.1.0(react@19.1.0))(react@19.1.0)
      tailwind-merge:
        specifier: ^3.3.0
        version: 3.3.0

packages:

  clsx@2.1.1:
    resolution: {integrity: sha512-eYm0QWBtUrBWZWG0d386OGAw16Z995PiOVo2B7bjWSbHedGl5e0ZWaq65kOGgUSNesEIDkB9ISbTg/JK9dhCZA==}
    engines: {node: '>=6'}

  framer-motion@12.12.1:
    resolution: {integrity: sha512-PFw4/GCREHI2suK/NlPSUxd+x6Rkp80uQsfCRFSOQNrm5pZif7eGtmG1VaD/UF1fW9tRBy5AaS77StatB3OJDg==}
    peerDependencies:
      '@emotion/is-prop-valid': '*'
      react: ^18.0.0 || ^19.0.0
      react-dom: ^18.0.0 || ^19.0.0
    peerDependenciesMeta:
      '@emotion/is-prop-valid':
        optional: true
      react:
        optional: true
      react-dom:
        optional: true

  lottie-react@2.4.1:
    resolution: {integrity: sha512-LQrH7jlkigIIv++wIyrOYFLHSKQpEY4zehPicL9bQsrt1rnoKRYCYgpCUe5maqylNtacy58/sQDZTkwMcTRxZw==}
    peerDependencies:
      react: ^16.8.0 || ^17.0.0 || ^18.0.0 || ^19.0.0
      react-dom: ^16.8.0 || ^17.0.0 || ^18.0.0 || ^19.0.0

  lottie-web@5.12.2:
    resolution: {integrity: sha512-uvhvYPC8kGPjXT3MyKMrL3JitEAmDMp30lVkuq/590Mw9ok6pWcFCwXJveo0t5uqYw1UREQHofD+jVpdjBv8wg==}

  motion-dom@12.12.1:
    resolution: {integrity: sha512-GXq/uUbZBEiFFE+K1Z/sxdPdadMdfJ/jmBALDfIuHGi0NmtealLOfH9FqT+6aNPgVx8ilq0DtYmyQlo6Uj9LKQ==}

  motion-utils@12.12.1:
    resolution: {integrity: sha512-f9qiqUHm7hWSLlNW8gS9pisnsN7CRFRD58vNjptKdsqFLpkVnX00TNeD6Q0d27V9KzT7ySFyK1TZ/DShfVOv6w==}

  motion@12.12.1:
    resolution: {integrity: sha512-vN/3p++Ix0lVt9NH0ZqPrAy8QRTkff27t5z3z5+4BJ3cXPxtOia2EBZS4snM+JUTfl7J0JXP/5ERqu9GT/8IgA==}
    peerDependencies:
      '@emotion/is-prop-valid': '*'
      react: ^18.0.0 || ^19.0.0
      react-dom: ^18.0.0 || ^19.0.0
    peerDependenciesMeta:
      '@emotion/is-prop-valid':
        optional: true
      react:
        optional: true
      react-dom:
        optional: true

  react-dom@19.1.0:
    resolution: {integrity: sha512-Xs1hdnE+DyKgeHJeJznQmYMIBG3TKIHJJT95Q58nHLSrElKlGQqDTR2HQ9fx5CN/Gk6Vh/kupBTDLU11/nDk/g==}
    peerDependencies:
      react: ^19.1.0

  react@19.1.0:
    resolution: {integrity: sha512-FS+XFBNvn3GTAWq26joslQgWNoFu08F4kl0J4CgdNKADkdSGXQyTCnKteIAJy96Br6YbpEU1LSzV5dYtjMkMDg==}
    engines: {node: '>=0.10.0'}

  scheduler@0.26.0:
    resolution: {integrity: sha512-NlHwttCI/l5gCPR3D1nNXtWABUmBwvZpEQiD4IXSbIDq8BzLIK/7Ir5gTFSGZDUu37K5cMNp0hFtzO38sC7gWA==}

  tailwind-merge@3.3.0:
    resolution: {integrity: sha512-fyW/pEfcQSiigd5SNn0nApUOxx0zB/dm6UDU/rEwc2c3sX2smWUNbapHv+QRqLGVp9GWX3THIa7MUGPo+YkDzQ==}

  tslib@2.8.1:
    resolution: {integrity: sha512-oJFu94HQb+KVduSUQL7wnpmqnfmLsOA/nAh6b6EH0wCEoK0/mPeXU6c3wKDV83MkOuHPRHtSXKKU99IBazS/2w==}

snapshots:

  clsx@2.1.1: {}

  framer-motion@12.12.1(react-dom@19.1.0(react@19.1.0))(react@19.1.0):
    dependencies:
      motion-dom: 12.12.1
      motion-utils: 12.12.1
      tslib: 2.8.1
    optionalDependencies:
      react: 19.1.0
      react-dom: 19.1.0(react@19.1.0)

  lottie-react@2.4.1(react-dom@19.1.0(react@19.1.0))(react@19.1.0):
    dependencies:
      lottie-web: 5.12.2
      react: 19.1.0
      react-dom: 19.1.0(react@19.1.0)

  lottie-web@5.12.2: {}

  motion-dom@12.12.1:
    dependencies:
      motion-utils: 12.12.1

  motion-utils@12.12.1: {}

  motion@12.12.1(react-dom@19.1.0(react@19.1.0))(react@19.1.0):
    dependencies:
      framer-motion: 12.12.1(react-dom@19.1.0(react@19.1.0))(react@19.1.0)
      tslib: 2.8.1
    optionalDependencies:
      react: 19.1.0
      react-dom: 19.1.0(react@19.1.0)

  react-dom@19.1.0(react@19.1.0):
    dependencies:
      react: 19.1.0
      scheduler: 0.26.0

  react@19.1.0: {}

  scheduler@0.26.0: {}

  tailwind-merge@3.3.0: {}

  tslib@2.8.1: {}
